// !$*UTF8*$!
{
	archiveVersion = 1;
	classes = {
	};
	objectVersion = 46;
	objects = {

/* Begin PBXBuildFile section */
		12C7D54B1DBDA915008F833C /* AppDelegate.swift in Sources */ = {isa = PBXBuildFile; fileRef = 12C7D54A1DBDA915008F833C /* AppDelegate.swift */; };
		12C7D54D1DBDA915008F833C /* ViewController.swift in Sources */ = {isa = PBXBuildFile; fileRef = 12C7D54C1DBDA915008F833C /* ViewController.swift */; };
		12C7D5501DBDA915008F833C /* Main.storyboard in Resources */ = {isa = PBXBuildFile; fileRef = 12C7D54E1DBDA915008F833C /* Main.storyboard */; };
		12C7D5521DBDA915008F833C /* Assets.xcassets in Resources */ = {isa = PBXBuildFile; fileRef = 12C7D5511DBDA915008F833C /* Assets.xcassets */; };
		12C7D5551DBDA915008F833C /* LaunchScreen.storyboard in Resources */ = {isa = PBXBuildFile; fileRef = 12C7D5531DBDA915008F833C /* LaunchScreen.storyboard */; };
		12C7D55D1DBDA9A3008F833C /* find_TrueLoveViewController.swift in Sources */ = {isa = PBXBuildFile; fileRef = 12C7D55C1DBDA9A3008F833C /* find_TrueLoveViewController.swift */; };
/* End PBXBuildFile section */

/* Begin PBXFileReference section */
		12C7D5471DBDA915008F833C /* findTrueLove.app */ = {isa = PBXFileReference; explicitFileType = wrapper.application; includeInIndex = 0; path = findTrueLove.app; sourceTree = BUILT_PRODUCTS_DIR; };
		12C7D54A1DBDA915008F833C /* AppDelegate.swift */ = {isa = PBXFileReference; lastKnownFileType = sourcecode.swift; path = AppDelegate.swift; sourceTree = "<group>"; };
		12C7D54C1DBDA915008F833C /* ViewController.swift */ = {isa = PBXFileReference; lastKnownFileType = sourcecode.swift; path = ViewController.swift; sourceTree = "<group>"; };
		12C7D54F1DBDA915008F833C /* Base */ = {isa = PBXFileReference; lastKnownFileType = file.storyboard; name = Base; path = Base.lproj/Main.storyboard; sourceTree = "<group>"; };
		12C7D5511DBDA915008F833C /* Assets.xcassets */ = {isa = PBXFileReference; lastKnownFileType = folder.assetcatalog; path = Assets.xcassets; sourceTree = "<group>"; };
		12C7D5541DBDA915008F833C /* Base */ = {isa = PBXFileReference; lastKnownFileType = file.storyboard; name = Base; path = Base.lproj/LaunchScreen.storyboard; sourceTree = "<group>"; };
		12C7D5561DBDA915008F833C /* Info.plist */ = {isa = PBXFileReference; lastKnownFileType = text.plist.xml; path = Info.plist; sourceTree = "<group>"; };
		12C7D55C1DBDA9A3008F833C /* find_TrueLoveViewController.swift */ = {isa = PBXFileReference; fileEncoding = 4; lastKnownFileType = sourcecode.swift; path = find_TrueLoveViewController.swift; sourceTree = "<group>"; };
/* End PBXFileReference section */

/* Begin PBXFrameworksBuildPhase section */
		12C7D5441DBDA914008F833C /* Frameworks */ = {
			isa = PBXFrameworksBuildPhase;
			buildActionMask = 2147483647;
			files = (
			);
			runOnlyForDeploymentPostprocessing = 0;
		};
/* End PBXFrameworksBuildPhase section */

/* Begin PBXGroup section */
		12C7D53E1DBDA914008F833C = {
			isa = PBXGroup;
			children = (
				12C7D5491DBDA915008F833C /* findTrueLove */,
				12C7D5481DBDA915008F833C /* Products */,
			);
			sourceTree = "<group>";
		};
		12C7D5481DBDA915008F833C /* Products */ = {
			isa = PBXGroup;
			children = (
				12C7D5471DBDA915008F833C /* findTrueLove.app */,
			);
			name = Products;
			sourceTree = "<group>";
		};
		12C7D5491DBDA915008F833C /* findTrueLove */ = {
			isa = PBXGroup;
			children = (
				12C7D54A1DBDA915008F833C /* AppDelegate.swift */,
				12C7D54C1DBDA915008F833C /* ViewController.swift */,
				12C7D54E1DBDA915008F833C /* Main.storyboard */,
				12C7D5511DBDA915008F833C /* Assets.xcassets */,
				12C7D5531DBDA915008F833C /* LaunchScreen.storyboard */,
				12C7D5561DBDA915008F833C /* Info.plist */,
				12C7D55C1DBDA9A3008F833C /* find_TrueLoveViewController.swift */,
			);
			path = findTrueLove;
			sourceTree = "<group>";
		};
/* End PBXGroup section */

/* Begin PBXNativeTarget section */
		12C7D5461DBDA914008F833C /* findTrueLove */ = {
			isa = PBXNativeTarget;
			buildConfigurationList = 12C7D5591DBDA915008F833C /* Build configuration list for PBXNativeTarget "findTrueLove" */;
			buildPhases = (
				12C7D5431DBDA914008F833C /* Sources */,
				12C7D5441DBDA914008F833C /* Frameworks */,
				12C7D5451DBDA914008F833C /* Resources */,
			);
			buildRules = (
			);
			dependencies = (
			);
			name = findTrueLove;
			productName = findTrueLove;
			productReference = 12C7D5471DBDA915008F833C /* findTrueLove.app */;
			productType = "com.apple.product-type.application";
		};
/* End PBXNativeTarget section */

/* Begin PBXProject section */
		12C7D53F1DBDA914008F833C /* Project object */ = {
			isa = PBXProject;
			attributes = {
				LastSwiftUpdateCheck = 0800;
				LastUpgradeCheck = 0800;
				ORGANIZATIONNAME = "Jeff Chou";
				TargetAttributes = {
					12C7D5461DBDA914008F833C = {
						CreatedOnToolsVersion = 8.0;
						DevelopmentTeam = 7HBUGBLNMX;
						ProvisioningStyle = Automatic;
					};
				};
			};
			buildConfigurationList = 12C7D5421DBDA914008F833C /* Build configuration list for PBXProject "findTrueLove" */;
			compatibilityVersion = "Xcode 3.2";
			developmentRegion = English;
			hasScannedForEncodings = 0;
			knownRegions = (
				en,
				Base,
			);
			mainGroup = 12C7D53E1DBDA914008F833C;
			productRefGroup = 12C7D5481DBDA915008F833C /* Products */;
			projectDirPath = "";
			projectRoot = "";
			targets = (
				12C7D5461DBDA914008F833C /* findTrueLove */,
			);
		};
/* End PBXProject section */

/* Begin PBXResourcesBuildPhase section */
		12C7D5451DBDA914008F833C /* Resources */ = {
			isa = PBXResourcesBuildPhase;
			buildActionMask = 2147483647;
			files = (
				12C7D5551DBDA915008F833C /* LaunchScreen.storyboard in Resources */,
				12C7D5521DBDA915008F833C /* Assets.xcassets in Resources */,
				12C7D5501DBDA915008F833C /* Main.storyboard in Resources */,
			);
			runOnlyForDeploymentPostprocessing = 0;
		};
/* End PBXResourcesBuildPhase section */

/* Begin PBXSourcesBuildPhase section */
		12C7D5431DBDA914008F833C /* Sources */ = {
			isa = PBXSourcesBuildPhase;
			buildActionMask = 2147483647;
			files = (
				12C7D54D1DBDA915008F833C /* ViewController.swift in Sources */,
				12C7D54B1DBDA915008F833C /* AppDelegate.swift in Sources */,
				12C7D55D1DBDA9A3008F833C /* find_TrueLoveViewController.swift in Sources */,
			);
			runOnlyForDeploymentPostprocessing = 0;
		};
/* End PBXSourcesBuildPhase section */

/* Begin PBXVariantGroup section */
		12C7D54E1DBDA915008F833C /* Main.storyboard */ = {
			isa = PBXVariantGroup;
			children = (
				12C7D54F1DBDA915008F833C /* Base */,
			);
			name = Main.storyboard;
			sourceTree = "<group>";
		};
		12C7D5531DBDA915008F833C /* LaunchScreen.storyboard */ = {
			isa = PBXVariantGroup;
			children = (
				12C7D5541DBDA915008F833C /* Base */,
			);
			name = LaunchScreen.storyboard;
			sourceTree = "<group>";
		};
/* End PBXVariantGroup section */

/* Begin XCBuildConfiguration section */
		12C7D5571DBDA915008F833C /* Debug */ = {
			isa = XCBuildConfiguration;
			buildSettings = {
				ALWAYS_SEARCH_USER_PATHS = NO;
				CLANG_ANALYZER_NONNULL = YES;
				CLANG_CXX_LANGUAGE_STANDARD = "gnu++0x";
				CLANG_CXX_LIBRARY = "libc++";
				CLANG_ENABLE_MODULES = YES;
				CLANG_ENABLE_OBJC_ARC = YES;
				CLANG_WARN_BOOL_CONVERSION = YES;
				CLANG_WARN_CONSTANT_CONVERSION = YES;
				CLANG_WARN_DIRECT_OBJC_ISA_USAGE = YES_ERROR;
				CLANG_WARN_DOCUMENTATION_COMMENTS = YES;
				CLANG_WARN_EMPTY_BODY = YES;
				CLANG_WARN_ENUM_CONVERSION = YES;
				CLANG_WARN_INFINITE_RECURSION = YES;
				CLANG_WARN_INT_CONVERSION = YES;
				CLANG_WARN_OBJC_ROOT_CLASS = YES_ERROR;
				CLANG_WARN_SUSPICIOUS_MOVES = YES;
				CLANG_WARN_UNREACHABLE_CODE = YES;
				CLANG_WARN__DUPLICATE_METHOD_MATCH = YES;
				"CODE_SIGN_IDENTITY[sdk=iphoneos*]" = "iPhone Developer";
				COPY_PHASE_STRIP = NO;
				DEBUG_INFORMATION_FORMAT = dwarf;
				ENABLE_STRICT_OBJC_MSGSEND = YES;
				ENABLE_TESTABILITY = YES;
				GCC_C_LANGUAGE_STANDARD = gnu99;
				GCC_DYNAMIC_NO_PIC = NO;
				GCC_NO_COMMON_BLOCKS = YES;
				GCC_OPTIMIZATION_LEVEL = 0;
				GCC_PREPROCESSOR_DEFINITIONS = (
					"DEBUG=1",
					"$(inherited)",
				);
				GCC_WARN_64_TO_32_BIT_CONVERSION = YES;
				GCC_WARN_ABOUT_RETURN_TYPE = YES_ERROR;
				GCC_WARN_UNDECLARED_SELECTOR = YES;
				GCC_WARN_UNINITIALIZED_AUTOS = YES_AGGRESSIVE;
				GCC_WARN_UNUSED_FUNCTION = YES;
				GCC_WARN_UNUSED_VARIABLE = YES;
				IPHONEOS_DEPLOYMENT_TARGET = 10.0;
				MTL_ENABLE_DEBUG_INFO = YES;
				ONLY_ACTIVE_ARCH = YES;
				SDKROOT = iphoneos;
				SWIFT_ACTIVE_COMPILATION_CONDITIONS = DEBUG;
				SWIFT_OPTIMIZATION_LEVEL = "-Onone";
			};
			name = Debug;
		};
		12C7D5581DBDA915008F833C /* Release */ = {
			isa = XCBuildConfiguration;
			buildSettings = {
				ALWAYS_SEARCH_USER_PATHS = NO;
				CLANG_ANALYZER_NONNULL = YES;
				CLANG_CXX_LANGUAGE_STANDARD = "gnu++0x";
				CLANG_CXX_LIBRARY = "libc++";
				CLANG_ENABLE_MODULES = YES;
				CLANG_ENABLE_OBJC_ARC = YES;
				CLANG_WARN_BOOL_CONVERSION = YES;
				CLANG_WARN_CONSTANT_CONVERSION = YES;
				CLANG_WARN_DIRECT_OBJC_ISA_USAGE = YES_ERROR;
				CLANG_WARN_DOCUMENTATION_COMMENTS = YES;
				CLANG_WARN_EMPTY_BODY = YES;
				CLANG_WARN_ENUM_CONVERSION = YES;
				CLANG_WARN_INFINITE_RECURSION = YES;
				CLANG_WARN_INT_CONVERSION = YES;
				CLANG_WARN_OBJC_ROOT_CLASS = YES_ERROR;
				CLANG_WARN_SUSPICIOUS_MOVES = YES;
				CLANG_WARN_UNREACHABLE_CODE = YES;
				CLANG_WARN__DUPLICATE_METHOD_MATCH = YES;
				"CODE_SIGN_IDENTITY[sdk=iphoneos*]" = "iPhone Developer";
				COPY_PHASE_STRIP = NO;
				DEBUG_INFORMATION_FORMAT = "dwarf-with-dsym";
				ENABLE_NS_ASSERTIONS = NO;
				ENABLE_STRICT_OBJC_MSGSEND = YES;
				GCC_C_LANGUAGE_STANDARD = gnu99;
				GCC_NO_COMMON_BLOCKS = YES;
				GCC_WARN_64_TO_32_BIT_CONVERSION = YES;
				GCC_WARN_ABOUT_RETURN_TYPE = YES_ERROR;
				GCC_WARN_UNDECLARED_SELECTOR = YES;
				GCC_WARN_UNINITIALIZED_AUTOS = YES_AGGRESSIVE;
				GCC_WARN_UNUSED_FUNCTION = YES;
				GCC_WARN_UNUSED_VARIABLE = YES;
				IPHONEOS_DEPLOYMENT_TARGET = 10.0;
				MTL_ENABLE_DEBUG_INFO = NO;
				SDKROOT = iphoneos;
				SWIFT_OPTIMIZATION_LEVEL = "-Owholemodule";
				VALIDATE_PRODUCT = YES;
			};
			name = Release;
		};
		12C7D55A1DBDA915008F833C /* Debug */ = {
			isa = XCBuildConfiguration;
			buildSettings = {
				ASSETCATALOG_COMPILER_APPICON_NAME = AppIcon;
				DEVELOPMENT_TEAM = 7HBUGBLNMX;
				INFOPLIST_FILE = findTrueLove/Info.plist;
				LD_RUNPATH_SEARCH_PATHS = "$(inherited) @executable_path/Frameworks";
				PRODUCT_BUNDLE_IDENTIFIER = com.jeffchou.findTrueLove;
				PRODUCT_NAME = "$(TARGET_NAME)";
				SWIFT_VERSION = 3.0;
			};
			name = Debug;
		};
		12C7D55B1DBDA915008F833C /* Release */ = {
			isa = XCBuildConfiguration;
			buildSettings = {
				ASSETCATALOG_COMPILER_APPICON_NAME = AppIcon;
				DEVELOPMENT_TEAM = 7HBUGBLNMX;
				INFOPLIST_FILE = findTrueLove/Info.plist;
				LD_RUNPATH_SEARCH_PATHS = "$(inherited) @executable_path/Frameworks";
				PRODUCT_BUNDLE_IDENTIFIER = com.jeffchou.findTrueLove;
				PRODUCT_NAME = "$(TARGET_NAME)";
				SWIFT_VERSION = 3.0;
			};
			name = Release;
		};
/* End XCBuildConfiguration section */

/* Begin XCConfigurationList section */
		12C7D5421DBDA914008F833C /* Build configuration list for PBXProject "findTrueLove" */ = {
			isa = XCConfigurationList;
			buildConfigurations = (
				12C7D5571DBDA915008F833C /* Debug */,
				12C7D5581DBDA915008F833C /* Release */,
			);
			defaultConfigurationIsVisible = 0;
			defaultConfigurationName = Release;
		};
		12C7D5591DBDA915008F833C /* Build configuration list for PBXNativeTarget "findTrueLove" */ = {
			isa = XCConfigurationList;
			buildConfigurations = (
				12C7D55A1DBDA915008F833C /* Debug */,
				12C7D55B1DBDA915008F833C /* Release */,
			);
			defaultConfigurationIsVisible = 0;
		};
/* End XCConfigurationList section */
	};
	rootObject = 12C7D53F1DBDA914008F833C /* Project object */;
}
